
Microsoft Visual Studio Solution File, Format Version 12.00
# Visual Studio Version 16
VisualStudioVersion = 25.0.1706.2
MinimumVisualStudioVersion = 10.0.40219.1
Project("{FAE04EC0-301F-11D3-BF4B-00C04F79EFBC}") = "InventoryManagement", "InventoryManagement.csproj", "{A41E0863-4918-4F6D-8D04-3C5C778BD2E3}"
EndProject
Global
	GlobalSection(SolutionConfigurationPlatforms) = preSolution
		Debug|Any CPU = Debug|Any CPU
		Release|Any CPU = Release|Any CPU
	EndGlobalSection
	GlobalSection(ProjectConfigurationPlatforms) = postSolution
		{A41E0863-4918-4F6D-8D04-3C5C778BD2E3}.Debug|Any CPU.ActiveCfg = Debug|Any CPU
		{A41E0863-4918-4F6D-8D04-3C5C778BD2E3}.Debug|Any CPU.Build.0 = Debug|Any CPU
		{A41E0863-4918-4F6D-8D04-3C5C778BD2E3}.Release|Any CPU.ActiveCfg = Release|Any CPU
		{A41E0863-4918-4F6D-8D04-3C5C778BD2E3}.Release|Any CPU.Build.0 = Release|Any CPU
	EndGlobalSection
	GlobalSection(SolutionProperties) = preSolution
		HideSolutionNode = FALSE
	EndGlobalSection
	GlobalSection(ExtensibilityGlobals) = postSolution
		SolutionGuid = {E7A1DE86-39B9-491E-A3F7-EB7F8288902E}
	EndGlobalSection
EndGlobal
